// !$*UTF8*$!
{
	archiveVersion = 1;
	classes = {
	};
	objectVersion = 50;
	objects = {

/* Begin PBXBuildFile section */
		259BBE4C2474CA2A00B4B4E5 /* AppDelegate.swift in Sources */ = {isa = PBXBuildFile; fileRef = 259BBE4B2474CA2A00B4B4E5 /* AppDelegate.swift */; };
		259BBE4E2474CA2A00B4B4E5 /* SceneDelegate.swift in Sources */ = {isa = PBXBuildFile; fileRef = 259BBE4D2474CA2A00B4B4E5 /* SceneDelegate.swift */; };
		259BBE502474CA2A00B4B4E5 /* ViewController.swift in Sources */ = {isa = PBXBuildFile; fileRef = 259BBE4F2474CA2A00B4B4E5 /* ViewController.swift */; };
		259BBE532474CA2A00B4B4E5 /* Main.storyboard in Resources */ = {isa = PBXBuildFile; fileRef = 259BBE512474CA2A00B4B4E5 /* Main.storyboard */; };
		259BBE552474CA2B00B4B4E5 /* Assets.xcassets in Resources */ = {isa = PBXBuildFile; fileRef = 259BBE542474CA2B00B4B4E5 /* Assets.xcassets */; };
		259BBE582474CA2B00B4B4E5 /* LaunchScreen.storyboard in Resources */ = {isa = PBXBuildFile; fileRef = 259BBE562474CA2B00B4B4E5 /* LaunchScreen.storyboard */; };
		259BBE632474CA2B00B4B4E5 /* BookFinderTests.swift in Sources */ = {isa = PBXBuildFile; fileRef = 259BBE622474CA2B00B4B4E5 /* BookFinderTests.swift */; };
/* End PBXBuildFile section */

/* Begin PBXContainerItemProxy section */
		259BBE5F2474CA2B00B4B4E5 /* PBXContainerItemProxy */ = {
			isa = PBXContainerItemProxy;
			containerPortal = 259BBE402474CA2A00B4B4E5 /* Project object */;
			proxyType = 1;
			remoteGlobalIDString = 259BBE472474CA2A00B4B4E5;
			remoteInfo = BookFinder;
		};
/* End PBXContainerItemProxy section */

/* Begin PBXFileReference section */
		259BBE482474CA2A00B4B4E5 /* BookFinder.app */ = {isa = PBXFileReference; explicitFileType = wrapper.application; includeInIndex = 0; path = BookFinder.app; sourceTree = BUILT_PRODUCTS_DIR; };
		259BBE4B2474CA2A00B4B4E5 /* AppDelegate.swift */ = {isa = PBXFileReference; lastKnownFileType = sourcecode.swift; path = AppDelegate.swift; sourceTree = "<group>"; };
		259BBE4D2474CA2A00B4B4E5 /* SceneDelegate.swift */ = {isa = PBXFileReference; lastKnownFileType = sourcecode.swift; path = SceneDelegate.swift; sourceTree = "<group>"; };
		259BBE4F2474CA2A00B4B4E5 /* ViewController.swift */ = {isa = PBXFileReference; lastKnownFileType = sourcecode.swift; path = ViewController.swift; sourceTree = "<group>"; };
		259BBE522474CA2A00B4B4E5 /* Base */ = {isa = PBXFileReference; lastKnownFileType = file.storyboard; name = Base; path = Base.lproj/Main.storyboard; sourceTree = "<group>"; };
		259BBE542474CA2B00B4B4E5 /* Assets.xcassets */ = {isa = PBXFileReference; lastKnownFileType = folder.assetcatalog; path = Assets.xcassets; sourceTree = "<group>"; };
		259BBE572474CA2B00B4B4E5 /* Base */ = {isa = PBXFileReference; lastKnownFileType = file.storyboard; name = Base; path = Base.lproj/LaunchScreen.storyboard; sourceTree = "<group>"; };
		259BBE592474CA2B00B4B4E5 /* Info.plist */ = {isa = PBXFileReference; lastKnownFileType = text.plist.xml; path = Info.plist; sourceTree = "<group>"; };
		259BBE5E2474CA2B00B4B4E5 /* BookFinderTests.xctest */ = {isa = PBXFileReference; explicitFileType = wrapper.cfbundle; includeInIndex = 0; path = BookFinderTests.xctest; sourceTree = BUILT_PRODUCTS_DIR; };
		259BBE622474CA2B00B4B4E5 /* BookFinderTests.swift */ = {isa = PBXFileReference; lastKnownFileType = sourcecode.swift; path = BookFinderTests.swift; sourceTree = "<group>"; };
		259BBE642474CA2B00B4B4E5 /* Info.plist */ = {isa = PBXFileReference; lastKnownFileType = text.plist.xml; path = Info.plist; sourceTree = "<group>"; };
/* End PBXFileReference section */

/* Begin PBXFrameworksBuildPhase section */
		259BBE452474CA2A00B4B4E5 /* Frameworks */ = {
			isa = PBXFrameworksBuildPhase;
			buildActionMask = 2147483647;
			files = (
			);
			runOnlyForDeploymentPostprocessing = 0;
		};
		259BBE5B2474CA2B00B4B4E5 /* Frameworks */ = {
			isa = PBXFrameworksBuildPhase;
			buildActionMask = 2147483647;
			files = (
			);
			runOnlyForDeploymentPostprocessing = 0;
		};
/* End PBXFrameworksBuildPhase section */

/* Begin PBXGroup section */
		259BBE3F2474CA2A00B4B4E5 = {
			isa = PBXGroup;
			children = (
				259BBE4A2474CA2A00B4B4E5 /* BookFinder */,
				259BBE612474CA2B00B4B4E5 /* BookFinderTests */,
				259BBE492474CA2A00B4B4E5 /* Products */,
			);
			sourceTree = "<group>";
		};
		259BBE492474CA2A00B4B4E5 /* Products */ = {
			isa = PBXGroup;
			children = (
				259BBE482474CA2A00B4B4E5 /* BookFinder.app */,
				259BBE5E2474CA2B00B4B4E5 /* BookFinderTests.xctest */,
			);
			name = Products;
			sourceTree = "<group>";
		};
		259BBE4A2474CA2A00B4B4E5 /* BookFinder */ = {
			isa = PBXGroup;
			children = (
				259BBE4B2474CA2A00B4B4E5 /* AppDelegate.swift */,
				259BBE4D2474CA2A00B4B4E5 /* SceneDelegate.swift */,
				259BBE4F2474CA2A00B4B4E5 /* ViewController.swift */,
				259BBE512474CA2A00B4B4E5 /* Main.storyboard */,
				259BBE542474CA2B00B4B4E5 /* Assets.xcassets */,
				259BBE562474CA2B00B4B4E5 /* LaunchScreen.storyboard */,
				259BBE592474CA2B00B4B4E5 /* Info.plist */,
			);
			path = BookFinder;
			sourceTree = "<group>";
		};
		259BBE612474CA2B00B4B4E5 /* BookFinderTests */ = {
			isa = PBXGroup;
			children = (
				259BBE622474CA2B00B4B4E5 /* BookFinderTests.swift */,
				259BBE642474CA2B00B4B4E5 /* Info.plist */,
			);
			path = BookFinderTests;
			sourceTree = "<group>";
		};
/* End PBXGroup section */

/* Begin PBXNativeTarget section */
		259BBE472474CA2A00B4B4E5 /* BookFinder */ = {
			isa = PBXNativeTarget;
			buildConfigurationList = 259BBE672474CA2B00B4B4E5 /* Build configuration list for PBXNativeTarget "BookFinder" */;
			buildPhases = (
				259BBE442474CA2A00B4B4E5 /* Sources */,
				259BBE452474CA2A00B4B4E5 /* Frameworks */,
				259BBE462474CA2A00B4B4E5 /* Resources */,
			);
			buildRules = (
			);
			dependencies = (
			);
			name = BookFinder;
			productName = BookFinder;
			productReference = 259BBE482474CA2A00B4B4E5 /* BookFinder.app */;
			productType = "com.apple.product-type.application";
		};
		259BBE5D2474CA2B00B4B4E5 /* BookFinderTests */ = {
			isa = PBXNativeTarget;
			buildConfigurationList = 259BBE6A2474CA2B00B4B4E5 /* Build configuration list for PBXNativeTarget "BookFinderTests" */;
			buildPhases = (
				259BBE5A2474CA2B00B4B4E5 /* Sources */,
				259BBE5B2474CA2B00B4B4E5 /* Frameworks */,
				259BBE5C2474CA2B00B4B4E5 /* Resources */,
			);
			buildRules = (
			);
			dependencies = (
				259BBE602474CA2B00B4B4E5 /* PBXTargetDependency */,
			);
			name = BookFinderTests;
			productName = BookFinderTests;
			productReference = 259BBE5E2474CA2B00B4B4E5 /* BookFinderTests.xctest */;
			productType = "com.apple.product-type.bundle.unit-test";
		};
/* End PBXNativeTarget section */

/* Begin PBXProject section */
		259BBE402474CA2A00B4B4E5 /* Project object */ = {
			isa = PBXProject;
			attributes = {
				LastSwiftUpdateCheck = 1130;
				LastUpgradeCheck = 1130;
				ORGANIZATIONNAME = "Francis Breidenbach";
				TargetAttributes = {
					259BBE472474CA2A00B4B4E5 = {
						CreatedOnToolsVersion = 11.3;
					};
					259BBE5D2474CA2B00B4B4E5 = {
						CreatedOnToolsVersion = 11.3;
						TestTargetID = 259BBE472474CA2A00B4B4E5;
					};
				};
			};
			buildConfigurationList = 259BBE432474CA2A00B4B4E5 /* Build configuration list for PBXProject "BookFinder" */;
			compatibilityVersion = "Xcode 9.3";
			developmentRegion = en;
			hasScannedForEncodings = 0;
			knownRegions = (
				en,
				Base,
			);
			mainGroup = 259BBE3F2474CA2A00B4B4E5;
			productRefGroup = 259BBE492474CA2A00B4B4E5 /* Products */;
			projectDirPath = "";
			projectRoot = "";
			targets = (
				259BBE472474CA2A00B4B4E5 /* BookFinder */,
				259BBE5D2474CA2B00B4B4E5 /* BookFinderTests */,
			);
		};
/* End PBXProject section */

/* Begin PBXResourcesBuildPhase section */
		259BBE462474CA2A00B4B4E5 /* Resources */ = {
			isa = PBXResourcesBuildPhase;
			buildActionMask = 2147483647;
			files = (
				259BBE582474CA2B00B4B4E5 /* LaunchScreen.storyboard in Resources */,
				259BBE552474CA2B00B4B4E5 /* Assets.xcassets in Resources */,
				259BBE532474CA2A00B4B4E5 /* Main.storyboard in Resources */,
			);
			runOnlyForDeploymentPostprocessing = 0;
		};
		259BBE5C2474CA2B00B4B4E5 /* Resources */ = {
			isa = PBXResourcesBuildPhase;
			buildActionMask = 2147483647;
			files = (
			);
			runOnlyForDeploymentPostprocessing = 0;
		};
/* End PBXResourcesBuildPhase section */

/* Begin PBXSourcesBuildPhase section */
		259BBE442474CA2A00B4B4E5 /* Sources */ = {
			isa = PBXSourcesBuildPhase;
			buildActionMask = 2147483647;
			files = (
				259BBE502474CA2A00B4B4E5 /* ViewController.swift in Sources */,
				259BBE4C2474CA2A00B4B4E5 /* AppDelegate.swift in Sources */,
				259BBE4E2474CA2A00B4B4E5 /* SceneDelegate.swift in Sources */,
			);
			runOnlyForDeploymentPostprocessing = 0;
		};
		259BBE5A2474CA2B00B4B4E5 /* Sources */ = {
			isa = PBXSourcesBuildPhase;
			buildActionMask = 2147483647;
			files = (
				259BBE632474CA2B00B4B4E5 /* BookFinderTests.swift in Sources */,
			);
			runOnlyForDeploymentPostprocessing = 0;
		};
/* End PBXSourcesBuildPhase section */

/* Begin PBXTargetDependency section */
		259BBE602474CA2B00B4B4E5 /* PBXTargetDependency */ = {
			isa = PBXTargetDependency;
			target = 259BBE472474CA2A00B4B4E5 /* BookFinder */;
			targetProxy = 259BBE5F2474CA2B00B4B4E5 /* PBXContainerItemProxy */;
		};
/* End PBXTargetDependency section */

/* Begin PBXVariantGroup section */
		259BBE512474CA2A00B4B4E5 /* Main.storyboard */ = {
			isa = PBXVariantGroup;
			children = (
				259BBE522474CA2A00B4B4E5 /* Base */,
			);
			name = Main.storyboard;
			sourceTree = "<group>";
		};
		259BBE562474CA2B00B4B4E5 /* LaunchScreen.storyboard */ = {
			isa = PBXVariantGroup;
			children = (
				259BBE572474CA2B00B4B4E5 /* Base */,
			);
			name = LaunchScreen.storyboard;
			sourceTree = "<group>";
		};
/* End PBXVariantGroup section */

/* Begin XCBuildConfiguration section */
		259BBE652474CA2B00B4B4E5 /* Debug */ = {
			isa = XCBuildConfiguration;
			buildSettings = {
				ALWAYS_SEARCH_USER_PATHS = NO;
				CLANG_ANALYZER_NONNULL = YES;
				CLANG_ANALYZER_NUMBER_OBJECT_CONVERSION = YES_AGGRESSIVE;
				CLANG_CXX_LANGUAGE_STANDARD = "gnu++14";
				CLANG_CXX_LIBRARY = "libc++";
				CLANG_ENABLE_MODULES = YES;
				CLANG_ENABLE_OBJC_ARC = YES;
				CLANG_ENABLE_OBJC_WEAK = YES;
				CLANG_WARN_BLOCK_CAPTURE_AUTORELEASING = YES;
				CLANG_WARN_BOOL_CONVERSION = YES;
				CLANG_WARN_COMMA = YES;
				CLANG_WARN_CONSTANT_CONVERSION = YES;
				CLANG_WARN_DEPRECATED_OBJC_IMPLEMENTATIONS = YES;
				CLANG_WARN_DIRECT_OBJC_ISA_USAGE = YES_ERROR;
				CLANG_WARN_DOCUMENTATION_COMMENTS = YES;
				CLANG_WARN_EMPTY_BODY = YES;
				CLANG_WARN_ENUM_CONVERSION = YES;
				CLANG_WARN_INFINITE_RECURSION = YES;
				CLANG_WARN_INT_CONVERSION = YES;
				CLANG_WARN_NON_LITERAL_NULL_CONVERSION = YES;
				CLANG_WARN_OBJC_IMPLICIT_RETAIN_SELF = YES;
				CLANG_WARN_OBJC_LITERAL_CONVERSION = YES;
				CLANG_WARN_OBJC_ROOT_CLASS = YES_ERROR;
				CLANG_WARN_RANGE_LOOP_ANALYSIS = YES;
				CLANG_WARN_STRICT_PROTOTYPES = YES;
				CLANG_WARN_SUSPICIOUS_MOVE = YES;
				CLANG_WARN_UNGUARDED_AVAILABILITY = YES_AGGRESSIVE;
				CLANG_WARN_UNREACHABLE_CODE = YES;
				CLANG_WARN__DUPLICATE_METHOD_MATCH = YES;
				COPY_PHASE_STRIP = NO;
				DEBUG_INFORMATION_FORMAT = dwarf;
				ENABLE_STRICT_OBJC_MSGSEND = YES;
				ENABLE_TESTABILITY = YES;
				GCC_C_LANGUAGE_STANDARD = gnu11;
				GCC_DYNAMIC_NO_PIC = NO;
				GCC_NO_COMMON_BLOCKS = YES;
				GCC_OPTIMIZATION_LEVEL = 0;
				GCC_PREPROCESSOR_DEFINITIONS = (
					"DEBUG=1",
					"$(inherited)",
				);
				GCC_WARN_64_TO_32_BIT_CONVERSION = YES;
				GCC_WARN_ABOUT_RETURN_TYPE = YES_ERROR;
				GCC_WARN_UNDECLARED_SELECTOR = YES;
				GCC_WARN_UNINITIALIZED_AUTOS = YES_AGGRESSIVE;
				GCC_WARN_UNUSED_FUNCTION = YES;
				GCC_WARN_UNUSED_VARIABLE = YES;
				IPHONEOS_DEPLOYMENT_TARGET = 13.2;
				MTL_ENABLE_DEBUG_INFO = INCLUDE_SOURCE;
				MTL_FAST_MATH = YES;
				ONLY_ACTIVE_ARCH = YES;
				SDKROOT = iphoneos;
				SWIFT_ACTIVE_COMPILATION_CONDITIONS = DEBUG;
				SWIFT_OPTIMIZATION_LEVEL = "-Onone";
			};
			name = Debug;
		};
		259BBE662474CA2B00B4B4E5 /* Release */ = {
			isa = XCBuildConfiguration;
			buildSettings = {
				ALWAYS_SEARCH_USER_PATHS = NO;
				CLANG_ANALYZER_NONNULL = YES;
				CLANG_ANALYZER_NUMBER_OBJECT_CONVERSION = YES_AGGRESSIVE;
				CLANG_CXX_LANGUAGE_STANDARD = "gnu++14";
				CLANG_CXX_LIBRARY = "libc++";
				CLANG_ENABLE_MODULES = YES;
				CLANG_ENABLE_OBJC_ARC = YES;
				CLANG_ENABLE_OBJC_WEAK = YES;
				CLANG_WARN_BLOCK_CAPTURE_AUTORELEASING = YES;
				CLANG_WARN_BOOL_CONVERSION = YES;
				CLANG_WARN_COMMA = YES;
				CLANG_WARN_CONSTANT_CONVERSION = YES;
				CLANG_WARN_DEPRECATED_OBJC_IMPLEMENTATIONS = YES;
				CLANG_WARN_DIRECT_OBJC_ISA_USAGE = YES_ERROR;
				CLANG_WARN_DOCUMENTATION_COMMENTS = YES;
				CLANG_WARN_EMPTY_BODY = YES;
				CLANG_WARN_ENUM_CONVERSION = YES;
				CLANG_WARN_INFINITE_RECURSION = YES;
				CLANG_WARN_INT_CONVERSION = YES;
				CLANG_WARN_NON_LITERAL_NULL_CONVERSION = YES;
				CLANG_WARN_OBJC_IMPLICIT_RETAIN_SELF = YES;
				CLANG_WARN_OBJC_LITERAL_CONVERSION = YES;
				CLANG_WARN_OBJC_ROOT_CLASS = YES_ERROR;
				CLANG_WARN_RANGE_LOOP_ANALYSIS = YES;
				CLANG_WARN_STRICT_PROTOTYPES = YES;
				CLANG_WARN_SUSPICIOUS_MOVE = YES;
				CLANG_WARN_UNGUARDED_AVAILABILITY = YES_AGGRESSIVE;
				CLANG_WARN_UNREACHABLE_CODE = YES;
				CLANG_WARN__DUPLICATE_METHOD_MATCH = YES;
				COPY_PHASE_STRIP = NO;
				DEBUG_INFORMATION_FORMAT = "dwarf-with-dsym";
				ENABLE_NS_ASSERTIONS = NO;
				ENABLE_STRICT_OBJC_MSGSEND = YES;
				GCC_C_LANGUAGE_STANDARD = gnu11;
				GCC_NO_COMMON_BLOCKS = YES;
				GCC_WARN_64_TO_32_BIT_CONVERSION = YES;
				GCC_WARN_ABOUT_RETURN_TYPE = YES_ERROR;
				GCC_WARN_UNDECLARED_SELECTOR = YES;
				GCC_WARN_UNINITIALIZED_AUTOS = YES_AGGRESSIVE;
				GCC_WARN_UNUSED_FUNCTION = YES;
				GCC_WARN_UNUSED_VARIABLE = YES;
				IPHONEOS_DEPLOYMENT_TARGET = 13.2;
				MTL_ENABLE_DEBUG_INFO = NO;
				MTL_FAST_MATH = YES;
				SDKROOT = iphoneos;
				SWIFT_COMPILATION_MODE = wholemodule;
				SWIFT_OPTIMIZATION_LEVEL = "-O";
				VALIDATE_PRODUCT = YES;
			};
			name = Release;
		};
		259BBE682474CA2B00B4B4E5 /* Debug */ = {
			isa = XCBuildConfiguration;
			buildSettings = {
				ASSETCATALOG_COMPILER_APPICON_NAME = AppIcon;
				CODE_SIGN_STYLE = Automatic;
				DEVELOPMENT_TEAM = WA3KPNE52J;
				INFOPLIST_FILE = BookFinder/Info.plist;
				LD_RUNPATH_SEARCH_PATHS = (
					"$(inherited)",
					"@executable_path/Frameworks",
				);
				PRODUCT_BUNDLE_IDENTIFIER = com.fbreidenbach.BookFinder;
				PRODUCT_NAME = "$(TARGET_NAME)";
				SWIFT_VERSION = 5.0;
				TARGETED_DEVICE_FAMILY = "1,2";
			};
			name = Debug;
		};
		259BBE692474CA2B00B4B4E5 /* Release */ = {
			isa = XCBuildConfiguration;
			buildSettings = {
				ASSETCATALOG_COMPILER_APPICON_NAME = AppIcon;
				CODE_SIGN_STYLE = Automatic;
				DEVELOPMENT_TEAM = WA3KPNE52J;
				INFOPLIST_FILE = BookFinder/Info.plist;
				LD_RUNPATH_SEARCH_PATHS = (
					"$(inherited)",
					"@executable_path/Frameworks",
				);
				PRODUCT_BUNDLE_IDENTIFIER = com.fbreidenbach.BookFinder;
				PRODUCT_NAME = "$(TARGET_NAME)";
				SWIFT_VERSION = 5.0;
				TARGETED_DEVICE_FAMILY = "1,2";
			};
			name = Release;
		};
		259BBE6B2474CA2B00B4B4E5 /* Debug */ = {
			isa = XCBuildConfiguration;
			buildSettings = {
				ALWAYS_EMBED_SWIFT_STANDARD_LIBRARIES = YES;
				BUNDLE_LOADER = "$(TEST_HOST)";
				CODE_SIGN_STYLE = Automatic;
				DEVELOPMENT_TEAM = WA3KPNE52J;
				INFOPLIST_FILE = BookFinderTests/Info.plist;
				IPHONEOS_DEPLOYMENT_TARGET = 13.2;
				LD_RUNPATH_SEARCH_PATHS = (
					"$(inherited)",
					"@executable_path/Frameworks",
					"@loader_path/Frameworks",
				);
				PRODUCT_BUNDLE_IDENTIFIER = com.fbreidenbach.BookFinderTests;
				PRODUCT_NAME = "$(TARGET_NAME)";
				SWIFT_VERSION = 5.0;
				TARGETED_DEVICE_FAMILY = "1,2";
				TEST_HOST = "$(BUILT_PRODUCTS_DIR)/BookFinder.app/BookFinder";
			};
			name = Debug;
		};
		259BBE6C2474CA2B00B4B4E5 /* Release */ = {
			isa = XCBuildConfiguration;
			buildSettings = {
				ALWAYS_EMBED_SWIFT_STANDARD_LIBRARIES = YES;
				BUNDLE_LOADER = "$(TEST_HOST)";
				CODE_SIGN_STYLE = Automatic;
				DEVELOPMENT_TEAM = WA3KPNE52J;
				INFOPLIST_FILE = BookFinderTests/Info.plist;
				IPHONEOS_DEPLOYMENT_TARGET = 13.2;
				LD_RUNPATH_SEARCH_PATHS = (
					"$(inherited)",
					"@executable_path/Frameworks",
					"@loader_path/Frameworks",
				);
				PRODUCT_BUNDLE_IDENTIFIER = com.fbreidenbach.BookFinderTests;
				PRODUCT_NAME = "$(TARGET_NAME)";
				SWIFT_VERSION = 5.0;
				TARGETED_DEVICE_FAMILY = "1,2";
				TEST_HOST = "$(BUILT_PRODUCTS_DIR)/BookFinder.app/BookFinder";
			};
			name = Release;
		};
/* End XCBuildConfiguration section */

/* Begin XCConfigurationList section */
		259BBE432474CA2A00B4B4E5 /* Build configuration list for PBXProject "BookFinder" */ = {
			isa = XCConfigurationList;
			buildConfigurations = (
				259BBE652474CA2B00B4B4E5 /* Debug */,
				259BBE662474CA2B00B4B4E5 /* Release */,
			);
			defaultConfigurationIsVisible = 0;
			defaultConfigurationName = Release;
		};
		259BBE672474CA2B00B4B4E5 /* Build configuration list for PBXNativeTarget "BookFinder" */ = {
			isa = XCConfigurationList;
			buildConfigurations = (
				259BBE682474CA2B00B4B4E5 /* Debug */,
				259BBE692474CA2B00B4B4E5 /* Release */,
			);
			defaultConfigurationIsVisible = 0;
			defaultConfigurationName = Release;
		};
		259BBE6A2474CA2B00B4B4E5 /* Build configuration list for PBXNativeTarget "BookFinderTests" */ = {
			isa = XCConfigurationList;
			buildConfigurations = (
				259BBE6B2474CA2B00B4B4E5 /* Debug */,
				259BBE6C2474CA2B00B4B4E5 /* Release */,
			);
			defaultConfigurationIsVisible = 0;
			defaultConfigurationName = Release;
		};
/* End XCConfigurationList section */
	};
	rootObject = 259BBE402474CA2A00B4B4E5 /* Project object */;
}
